
Microsoft Visual Studio Solution File, Format Version 12.00
# Visual Studio Version 17
VisualStudioVersion = 17.7.34031.279
MinimumVisualStudioVersion = 10.0.40219.1
Project("{FAE04EC0-301F-11D3-BF4B-00C04F79EFBC}") = "FromSpotifyToYoutubeConsoleApp", "FromSpotifyToYoutubeConsoleApp\FromSpotifyToYoutubeConsoleApp.csproj", "{9727EFE2-D840-4DA3-9DC6-FCFADDBA7BC3}"
EndProject
Project("{FAE04EC0-301F-11D3-BF4B-00C04F79EFBC}") = "FromSpotifyToYoutube", "FromSpotifyToYoutube\FromSpotifyToYoutube.csproj", "{C56438DD-6BCB-4560-A92E-A1414613825B}"
EndProject
Global
	GlobalSection(SolutionConfigurationPlatforms) = preSolution
		Debug|Any CPU = Debug|Any CPU
		Release|Any CPU = Release|Any CPU
	EndGlobalSection
	GlobalSection(ProjectConfigurationPlatforms) = postSolution
		{9727EFE2-D840-4DA3-9DC6-FCFADDBA7BC3}.Debug|Any CPU.ActiveCfg = Debug|Any CPU
		{9727EFE2-D840-4DA3-9DC6-FCFADDBA7BC3}.Debug|Any CPU.Build.0 = Debug|Any CPU
		{9727EFE2-D840-4DA3-9DC6-FCFADDBA7BC3}.Release|Any CPU.ActiveCfg = Release|Any CPU
		{9727EFE2-D840-4DA3-9DC6-FCFADDBA7BC3}.Release|Any CPU.Build.0 = Release|Any CPU
		{C56438DD-6BCB-4560-A92E-A1414613825B}.Debug|Any CPU.ActiveCfg = Debug|Any CPU
		{C56438DD-6BCB-4560-A92E-A1414613825B}.Debug|Any CPU.Build.0 = Debug|Any CPU
		{C56438DD-6BCB-4560-A92E-A1414613825B}.Release|Any CPU.ActiveCfg = Release|Any CPU
		{C56438DD-6BCB-4560-A92E-A1414613825B}.Release|Any CPU.Build.0 = Release|Any CPU
	EndGlobalSection
	GlobalSection(SolutionProperties) = preSolution
		HideSolutionNode = FALSE
	EndGlobalSection
	GlobalSection(ExtensibilityGlobals) = postSolution
		SolutionGuid = {9ED15D2F-7FF0-49CB-BE7C-0C1A227BD385}
	EndGlobalSection
EndGlobal
